
Microsoft Visual Studio Solution File, Format Version 12.00
# Visual Studio Version 17
VisualStudioVersion = 17.14.36301.6
MinimumVisualStudioVersion = 10.0.40219.1
Project("{FAE04EC0-301F-11D3-BF4B-00C04F79EFBC}") = "Runic.Dotnet.Assembly", "src\Runic.Dotnet.Assembly.csproj", "{BA26D0E2-7CEB-41DC-9A2F-296F87301741}"
EndProject
Project("{2150E333-8FDC-42A3-9474-1A3956D46DE8}") = "Build", "Build", "{02EA681E-C7D8-13C7-8484-4AC65E1B71E8}"
EndProject
Project("{2150E333-8FDC-42A3-9474-1A3956D46DE8}") = "Net48", "Net48", "{FDEACC57-A2D9-4F2B-A2F2-CA90983944E9}"
EndProject
Project("{FAE04EC0-301F-11D3-BF4B-00C04F79EFBC}") = "Runic.Dotnet.Assembly.Net48", "build\net48\Runic.Dotnet.Assembly.Net48.csproj", "{8E976119-06DF-49B3-A709-75BB74C673CD}"
EndProject
Project("{2150E333-8FDC-42A3-9474-1A3956D46DE8}") = "Net6", "Net6", "{BF7A64CD-2FB2-4298-AF7A-43A4EEACF2F0}"
EndProject
Project("{FAE04EC0-301F-11D3-BF4B-00C04F79EFBC}") = "Runic.Dotnet.Assembly.Net6", "build\net6\Runic.Dotnet.Assembly.Net6.csproj", "{64A27CD4-5F2D-43FB-94A4-C780F78A7BCD}"
EndProject
Project("{2150E333-8FDC-42A3-9474-1A3956D46DE8}") = "Net8", "Net8", "{60BA54E4-A6AE-476F-BAC7-A1AC8BE38DE5}"
EndProject
Project("{FAE04EC0-301F-11D3-BF4B-00C04F79EFBC}") = "Runic.Dotnet.Assembly.Net8", "build\net8\Runic.Dotnet.Assembly.Net8.csproj", "{A7CFEBC4-6EA7-4575-B80A-AA6AED015DB0}"
EndProject
Project("{2150E333-8FDC-42A3-9474-1A3956D46DE8}") = "Nuget", "Nuget", "{EF7564EF-DD27-4E42-8FC5-CE5042810DB8}"
EndProject
Project("{FAE04EC0-301F-11D3-BF4B-00C04F79EFBC}") = "Runic.Dotnet.Assembly.Nuget", "build\nuget\Runic.Dotnet.Assembly.Nuget.csproj", "{28F467FE-8953-4155-BA44-9F573475E9FB}"
	ProjectSection(ProjectDependencies) = postProject
		{64A27CD4-5F2D-43FB-94A4-C780F78A7BCD} = {64A27CD4-5F2D-43FB-94A4-C780F78A7BCD}
		{8E976119-06DF-49B3-A709-75BB74C673CD} = {8E976119-06DF-49B3-A709-75BB74C673CD}
		{A7CFEBC4-6EA7-4575-B80A-AA6AED015DB0} = {A7CFEBC4-6EA7-4575-B80A-AA6AED015DB0}
	EndProjectSection
EndProject
Global
	GlobalSection(SolutionConfigurationPlatforms) = preSolution
		Debug|Any CPU = Debug|Any CPU
		Release|Any CPU = Release|Any CPU
	EndGlobalSection
	GlobalSection(ProjectConfigurationPlatforms) = postSolution
		{BA26D0E2-7CEB-41DC-9A2F-296F87301741}.Debug|Any CPU.ActiveCfg = Debug|Any CPU
		{BA26D0E2-7CEB-41DC-9A2F-296F87301741}.Debug|Any CPU.Build.0 = Debug|Any CPU
		{BA26D0E2-7CEB-41DC-9A2F-296F87301741}.Release|Any CPU.ActiveCfg = Release|Any CPU
		{BA26D0E2-7CEB-41DC-9A2F-296F87301741}.Release|Any CPU.Build.0 = Release|Any CPU
		{8E976119-06DF-49B3-A709-75BB74C673CD}.Debug|Any CPU.ActiveCfg = Debug|Any CPU
		{8E976119-06DF-49B3-A709-75BB74C673CD}.Debug|Any CPU.Build.0 = Debug|Any CPU
		{8E976119-06DF-49B3-A709-75BB74C673CD}.Release|Any CPU.ActiveCfg = Release|Any CPU
		{8E976119-06DF-49B3-A709-75BB74C673CD}.Release|Any CPU.Build.0 = Release|Any CPU
		{64A27CD4-5F2D-43FB-94A4-C780F78A7BCD}.Debug|Any CPU.ActiveCfg = Debug|Any CPU
		{64A27CD4-5F2D-43FB-94A4-C780F78A7BCD}.Debug|Any CPU.Build.0 = Debug|Any CPU
		{64A27CD4-5F2D-43FB-94A4-C780F78A7BCD}.Release|Any CPU.ActiveCfg = Release|Any CPU
		{64A27CD4-5F2D-43FB-94A4-C780F78A7BCD}.Release|Any CPU.Build.0 = Release|Any CPU
		{A7CFEBC4-6EA7-4575-B80A-AA6AED015DB0}.Debug|Any CPU.ActiveCfg = Debug|Any CPU
		{A7CFEBC4-6EA7-4575-B80A-AA6AED015DB0}.Debug|Any CPU.Build.0 = Debug|Any CPU
		{A7CFEBC4-6EA7-4575-B80A-AA6AED015DB0}.Release|Any CPU.ActiveCfg = Release|Any CPU
		{A7CFEBC4-6EA7-4575-B80A-AA6AED015DB0}.Release|Any CPU.Build.0 = Release|Any CPU
		{28F467FE-8953-4155-BA44-9F573475E9FB}.Debug|Any CPU.ActiveCfg = Debug|Any CPU
		{28F467FE-8953-4155-BA44-9F573475E9FB}.Debug|Any CPU.Build.0 = Debug|Any CPU
		{28F467FE-8953-4155-BA44-9F573475E9FB}.Release|Any CPU.ActiveCfg = Release|Any CPU
		{28F467FE-8953-4155-BA44-9F573475E9FB}.Release|Any CPU.Build.0 = Release|Any CPU
	EndGlobalSection
	GlobalSection(SolutionProperties) = preSolution
		HideSolutionNode = FALSE
	EndGlobalSection
	GlobalSection(NestedProjects) = preSolution
		{FDEACC57-A2D9-4F2B-A2F2-CA90983944E9} = {02EA681E-C7D8-13C7-8484-4AC65E1B71E8}
		{8E976119-06DF-49B3-A709-75BB74C673CD} = {FDEACC57-A2D9-4F2B-A2F2-CA90983944E9}
		{BF7A64CD-2FB2-4298-AF7A-43A4EEACF2F0} = {02EA681E-C7D8-13C7-8484-4AC65E1B71E8}
		{64A27CD4-5F2D-43FB-94A4-C780F78A7BCD} = {BF7A64CD-2FB2-4298-AF7A-43A4EEACF2F0}
		{60BA54E4-A6AE-476F-BAC7-A1AC8BE38DE5} = {02EA681E-C7D8-13C7-8484-4AC65E1B71E8}
		{A7CFEBC4-6EA7-4575-B80A-AA6AED015DB0} = {60BA54E4-A6AE-476F-BAC7-A1AC8BE38DE5}
		{EF7564EF-DD27-4E42-8FC5-CE5042810DB8} = {02EA681E-C7D8-13C7-8484-4AC65E1B71E8}
		{28F467FE-8953-4155-BA44-9F573475E9FB} = {EF7564EF-DD27-4E42-8FC5-CE5042810DB8}
	EndGlobalSection
	GlobalSection(ExtensibilityGlobals) = postSolution
		SolutionGuid = {435260D8-B5E8-47DA-AD71-46C7F8491B00}
	EndGlobalSection
EndGlobal
